
Microsoft Visual Studio Solution File, Format Version 12.00
Project("{FAE04EC0-301F-11D3-BF4B-00C04F79EFBC}") = "COMP003A.LectureActivity2", "COMP003A.LectureActivity2.csproj", "{9AADD46C-56CF-42D4-809F-2A11B35374E5}"
EndProject
Global
	GlobalSection(SolutionConfigurationPlatforms) = preSolution
		Debug|Any CPU = Debug|Any CPU
		Release|Any CPU = Release|Any CPU
	EndGlobalSection
	GlobalSection(ProjectConfigurationPlatforms) = postSolution
		{9AADD46C-56CF-42D4-809F-2A11B35374E5}.Debug|Any CPU.ActiveCfg = Debug|Any CPU
		{9AADD46C-56CF-42D4-809F-2A11B35374E5}.Debug|Any CPU.Build.0 = Debug|Any CPU
		{9AADD46C-56CF-42D4-809F-2A11B35374E5}.Release|Any CPU.ActiveCfg = Release|Any CPU
		{9AADD46C-56CF-42D4-809F-2A11B35374E5}.Release|Any CPU.Build.0 = Release|Any CPU
	EndGlobalSection
EndGlobal
